
Microsoft Visual Studio Solution File, Format Version 12.00
# Visual Studio Version 16
VisualStudioVersion = 16.0.28822.285
MinimumVisualStudioVersion = 10.0.40219.1
Project("{FAE04EC0-301F-11D3-BF4B-00C04F79EFBC}") = "CustomViewerFor3DModel", "CustomViewerFor3DModel\CustomViewerFor3DModel.csproj", "{45B29BDA-2181-4A50-AB87-548C51A13DE6}"
EndProject
Global
	GlobalSection(SolutionConfigurationPlatforms) = preSolution
		Debug|Any CPU = Debug|Any CPU
		Release|Any CPU = Release|Any CPU
	EndGlobalSection
	GlobalSection(ProjectConfigurationPlatforms) = postSolution
		{45B29BDA-2181-4A50-AB87-548C51A13DE6}.Debug|Any CPU.ActiveCfg = Debug|Any CPU
		{45B29BDA-2181-4A50-AB87-548C51A13DE6}.Debug|Any CPU.Build.0 = Debug|Any CPU
		{45B29BDA-2181-4A50-AB87-548C51A13DE6}.Release|Any CPU.ActiveCfg = Release|Any CPU
		{45B29BDA-2181-4A50-AB87-548C51A13DE6}.Release|Any CPU.Build.0 = Release|Any CPU
	EndGlobalSection
	GlobalSection(SolutionProperties) = preSolution
		HideSolutionNode = FALSE
	EndGlobalSection
	GlobalSection(ExtensibilityGlobals) = postSolution
		SolutionGuid = {E64FA51F-62E3-4D94-85CA-90B49DD649ED}
	EndGlobalSection
EndGlobal
